github.com/davecgh/go-spew v1.1.0/go.mod h1:J7Y8YcW2NihsgmVo/mv3lAwl/skON4iLHjSsI+c5H38=
github.com/davecgh/go-spew v1.1.1 h1:vj9j/u1bqnvCEfJOwUhtlOARqs3+rkHYY13jYWTU97c=
github.com/davecgh/go-spew v1.1.1/go.mod h1:J7Y8YcW2NihsgmVo/mv3lAwl/skON4iLHjSsI+c5H38=
github.com/kr/pretty v0.1.0/go.mod h1:dAy3ld7l9f0ibDNOQOHHMYYIIbhfbHSm3C4ZsoJORNo=
github.com/kr/pty v1.1.1/go.mod h1:pFQYn66WHrOpPYNljwOMqo10TkYh1fy3cYio2l3bCsQ=
github.com/kr/text v0.1.0/go.mod h1:4Jbv+DJW3UT/LiOwJeYQe1efqtUx/iVham/4vfdArNI=
github.com/outofforest/build v1.4.0 h1:6AT8keV00Ia3DblWruCJT4Z0JS2cQ4gyDumkV+Pb8f0=
github.com/outofforest/build v1.4.0/go.mod h1:taE3Bd0wdFkGm4XeVCT+cl5AO1l0FrXJi/faX0IiPOk=
github.com/outofforest/ioc/v2 v2.5.0 h1:adaOwJrk8IzlauIfe41SG7PNHK23dBQhrpAR5ho7m3E=
github.com/outofforest/ioc/v2 v2.5.0/go.mod h1:7dAov+lZ7RbJ2TCy/IiK6+bicPmWZspga0P+exKudNE=
github.com/outofforest/libexec v0.2.0 h1:JV/OorIYlR9FMmC65FHqDvkhAzR0cGMBQm77ZWsT0cg=
github.com/outofforest/libexec v0.2.0/go.mod h1:G3vH3SymR+QiJLfT3L4EnTqtrilFEukqnTE0JDbO/5Q=
github.com/outofforest/libexec v0.2.1 h1:x1Cfk88do1teCrgNxOotjWBpLGMtvmInNsvsJpP/P44=
github.com/outofforest/libexec v0.2.1/go.mod h1:G3vH3SymR+QiJLfT3L4EnTqtrilFEukqnTE0JDbO/5Q=
github.com/pmezard/go-difflib v1.0.0 h1:4DBwDE0NGyQoBHbLQYPwSUPoCMWR5BEzIk/f1lZbAQM=
github.com/pmezard/go-difflib v1.0.0/go.mod h1:iKH77koFhYxTK1pcRnkKkqfTogsbg7gZNVY4sRDYZ/4=
github.com/ridge/parallel v0.1.1 h1:tcZqjzWHJLOCMPGEQ9vaMHV/k4K8dZZ/oYz14qRgzfU=
github.com/ridge/parallel v0.1.1/go.mod h1:RuwcKVeJYrUFcmydQtOAw8S9zE8p9UhrEjsGMYl5sfU=
github.com/stretchr/objx v0.1.0/go.mod h1:HFkY916IF+rwdDfMAkV7OtwuqBVzrE8GR6GFx+wExME=
github.com/stretchr/testify v1.4.0/go.mod h1:j7eGeouHqKxXV5pUuKE4zz7dFj8WfuZ+81PSLYec5m4=
github.com/stretchr/testify v1.7.0 h1:nwc3DEeHmmLAfoZucVR881uASk0Mfjw8xYJ99tb5CcY=
github.com/stretchr/testify v1.7.0/go.mod h1:6Fq8oRcR53rry900zMqJjRRixrwX3KX962/h/Wwjteg=
gopkg.in/check.v1 v0.0.0-20161208181325-20d25e280405/go.mod h1:Co6ibVJAznAaIkqp8huTwlJQCZ016jof/cbN4VW5Yz0=
gopkg.in/check.v1 v1.0.0-20180628173108-788fd7840127/go.mod h1:Co6ibVJAznAaIkqp8huTwlJQCZ016jof/cbN4VW5Yz0=
gopkg.in/yaml.v2 v2.2.2/go.mod h1:hI93XBmqTisBFMUTm0b8Fm+jr3Dg1NNxqwp+5A1VGuI=
gopkg.in/yaml.v3 v3.0.0-20200313102051-9f266ea9e77c/go.mod h1:K4uyk7z7BCEPqu6E+C64Yfv1cQ7kz7rIZviUmN+EgEM=
gopkg.in/yaml.v3 v3.0.0-20210107192922-496545a6307b h1:h8qDotaEPuJATrMmW04NCwg7v22aHH28wwpauUhK9Oo=
gopkg.in/yaml.v3 v3.0.0-20210107192922-496545a6307b/go.mod h1:K4uyk7z7BCEPqu6E+C64Yfv1cQ7kz7rIZviUmN+EgEM=
